// !$*UTF8*$!
{
	archiveVersion = 1;
	classes = {
	};
	objectVersion = 56;
	objects = {

/* Begin PBXBuildFile section */
		A5354B982B86568800FE684B /* BCTestTaskApp.swift in Sources */ = {isa = PBXBuildFile; fileRef = A5354B972B86568800FE684B /* BCTestTaskApp.swift */; };
		A5354B9A2B86568800FE684B /* MainView.swift in Sources */ = {isa = PBXBuildFile; fileRef = A5354B992B86568800FE684B /* MainView.swift */; };
		A5354B9C2B86568C00FE684B /* Assets.xcassets in Resources */ = {isa = PBXBuildFile; fileRef = A5354B9B2B86568C00FE684B /* Assets.xcassets */; };
		A5354B9F2B86568C00FE684B /* Preview Assets.xcassets in Resources */ = {isa = PBXBuildFile; fileRef = A5354B9E2B86568C00FE684B /* Preview Assets.xcassets */; };
		A5354BAE2B86662800FE684B /* Colours.swift in Sources */ = {isa = PBXBuildFile; fileRef = A5354BAD2B86662800FE684B /* Colours.swift */; };
		A561682B2B8CE68A00E33784 /* CapsuleButtonStyle.swift in Sources */ = {isa = PBXBuildFile; fileRef = A561682A2B8CE68A00E33784 /* CapsuleButtonStyle.swift */; };
		A561682D2B8CE6AE00E33784 /* ButtonStyling.swift in Sources */ = {isa = PBXBuildFile; fileRef = A561682C2B8CE6AE00E33784 /* ButtonStyling.swift */; };
		A561682F2B8CE6C700E33784 /* ButtonSize.swift in Sources */ = {isa = PBXBuildFile; fileRef = A561682E2B8CE6C700E33784 /* ButtonSize.swift */; };
		A56168312B8CE77400E33784 /* DesignConstants.swift in Sources */ = {isa = PBXBuildFile; fileRef = A56168302B8CE77400E33784 /* DesignConstants.swift */; };
		A56168332B8CE80100E33784 /* ButtonTitleView.swift in Sources */ = {isa = PBXBuildFile; fileRef = A56168322B8CE80100E33784 /* ButtonTitleView.swift */; };
		A56168352B8CE85E00E33784 /* ComfortableReadingWidth.swift in Sources */ = {isa = PBXBuildFile; fileRef = A56168342B8CE85E00E33784 /* ComfortableReadingWidth.swift */; };
		A5796A812B8B84AE006C6B81 /* SCurve.swift in Sources */ = {isa = PBXBuildFile; fileRef = A5796A802B8B84AE006C6B81 /* SCurve.swift */; };
		A5796A832B8B8BEA006C6B81 /* BoundsChangeObserver.swift in Sources */ = {isa = PBXBuildFile; fileRef = A5796A822B8B8BEA006C6B81 /* BoundsChangeObserver.swift */; };
/* End PBXBuildFile section */

/* Begin PBXFileReference section */
		A5354B942B86568800FE684B /* BCTestTask.app */ = {isa = PBXFileReference; explicitFileType = wrapper.application; includeInIndex = 0; path = BCTestTask.app; sourceTree = BUILT_PRODUCTS_DIR; };
		A5354B972B86568800FE684B /* BCTestTaskApp.swift */ = {isa = PBXFileReference; lastKnownFileType = sourcecode.swift; path = BCTestTaskApp.swift; sourceTree = "<group>"; };
		A5354B992B86568800FE684B /* MainView.swift */ = {isa = PBXFileReference; lastKnownFileType = sourcecode.swift; path = MainView.swift; sourceTree = "<group>"; };
		A5354B9B2B86568C00FE684B /* Assets.xcassets */ = {isa = PBXFileReference; lastKnownFileType = folder.assetcatalog; path = Assets.xcassets; sourceTree = "<group>"; };
		A5354B9E2B86568C00FE684B /* Preview Assets.xcassets */ = {isa = PBXFileReference; lastKnownFileType = folder.assetcatalog; path = "Preview Assets.xcassets"; sourceTree = "<group>"; };
		A5354BAD2B86662800FE684B /* Colours.swift */ = {isa = PBXFileReference; lastKnownFileType = sourcecode.swift; path = Colours.swift; sourceTree = "<group>"; };
		A561682A2B8CE68A00E33784 /* CapsuleButtonStyle.swift */ = {isa = PBXFileReference; lastKnownFileType = sourcecode.swift; path = CapsuleButtonStyle.swift; sourceTree = "<group>"; };
		A561682C2B8CE6AE00E33784 /* ButtonStyling.swift */ = {isa = PBXFileReference; lastKnownFileType = sourcecode.swift; path = ButtonStyling.swift; sourceTree = "<group>"; };
		A561682E2B8CE6C700E33784 /* ButtonSize.swift */ = {isa = PBXFileReference; lastKnownFileType = sourcecode.swift; path = ButtonSize.swift; sourceTree = "<group>"; };
		A56168302B8CE77400E33784 /* DesignConstants.swift */ = {isa = PBXFileReference; lastKnownFileType = sourcecode.swift; path = DesignConstants.swift; sourceTree = "<group>"; };
		A56168322B8CE80100E33784 /* ButtonTitleView.swift */ = {isa = PBXFileReference; lastKnownFileType = sourcecode.swift; path = ButtonTitleView.swift; sourceTree = "<group>"; };
		A56168342B8CE85E00E33784 /* ComfortableReadingWidth.swift */ = {isa = PBXFileReference; lastKnownFileType = sourcecode.swift; path = ComfortableReadingWidth.swift; sourceTree = "<group>"; };
		A56168382B8CEA0100E33784 /* Info.plist */ = {isa = PBXFileReference; lastKnownFileType = text.plist; path = Info.plist; sourceTree = "<group>"; };
		A5796A802B8B84AE006C6B81 /* SCurve.swift */ = {isa = PBXFileReference; lastKnownFileType = sourcecode.swift; path = SCurve.swift; sourceTree = "<group>"; };
		A5796A822B8B8BEA006C6B81 /* BoundsChangeObserver.swift */ = {isa = PBXFileReference; lastKnownFileType = sourcecode.swift; path = BoundsChangeObserver.swift; sourceTree = "<group>"; };
/* End PBXFileReference section */

/* Begin PBXFrameworksBuildPhase section */
		A5354B912B86568800FE684B /* Frameworks */ = {
			isa = PBXFrameworksBuildPhase;
			buildActionMask = 2147483647;
			files = (
			);
			runOnlyForDeploymentPostprocessing = 0;
		};
/* End PBXFrameworksBuildPhase section */

/* Begin PBXGroup section */
		A5354B8B2B86568800FE684B = {
			isa = PBXGroup;
			children = (
				A5354B962B86568800FE684B /* BCTestTask */,
				A5354B952B86568800FE684B /* Products */,
			);
			sourceTree = "<group>";
		};
		A5354B952B86568800FE684B /* Products */ = {
			isa = PBXGroup;
			children = (
				A5354B942B86568800FE684B /* BCTestTask.app */,
			);
			name = Products;
			sourceTree = "<group>";
		};
		A5354B962B86568800FE684B /* BCTestTask */ = {
			isa = PBXGroup;
			children = (
				A56168382B8CEA0100E33784 /* Info.plist */,
				A5354BA82B8664AF00FE684B /* Design */,
				A5354BA52B865A0600FE684B /* Views */,
				A5354B972B86568800FE684B /* BCTestTaskApp.swift */,
				A5354B9B2B86568C00FE684B /* Assets.xcassets */,
				A5354B9D2B86568C00FE684B /* Preview Content */,
			);
			path = BCTestTask;
			sourceTree = "<group>";
		};
		A5354B9D2B86568C00FE684B /* Preview Content */ = {
			isa = PBXGroup;
			children = (
				A5354B9E2B86568C00FE684B /* Preview Assets.xcassets */,
			);
			path = "Preview Content";
			sourceTree = "<group>";
		};
		A5354BA52B865A0600FE684B /* Views */ = {
			isa = PBXGroup;
			children = (
				A5354B992B86568800FE684B /* MainView.swift */,
				A56168322B8CE80100E33784 /* ButtonTitleView.swift */,
			);
			path = Views;
			sourceTree = "<group>";
		};
		A5354BA82B8664AF00FE684B /* Design */ = {
			isa = PBXGroup;
			children = (
				A5354BAD2B86662800FE684B /* Colours.swift */,
				A5796A802B8B84AE006C6B81 /* SCurve.swift */,
				A5796A822B8B8BEA006C6B81 /* BoundsChangeObserver.swift */,
				A561682A2B8CE68A00E33784 /* CapsuleButtonStyle.swift */,
				A561682C2B8CE6AE00E33784 /* ButtonStyling.swift */,
				A561682E2B8CE6C700E33784 /* ButtonSize.swift */,
				A56168302B8CE77400E33784 /* DesignConstants.swift */,
				A56168342B8CE85E00E33784 /* ComfortableReadingWidth.swift */,
			);
			path = Design;
			sourceTree = "<group>";
		};
/* End PBXGroup section */

/* Begin PBXNativeTarget section */
		A5354B932B86568800FE684B /* BCTestTask */ = {
			isa = PBXNativeTarget;
			buildConfigurationList = A5354BA22B86568C00FE684B /* Build configuration list for PBXNativeTarget "BCTestTask" */;
			buildPhases = (
				A5354B902B86568800FE684B /* Sources */,
				A5354B912B86568800FE684B /* Frameworks */,
				A5354B922B86568800FE684B /* Resources */,
			);
			buildRules = (
			);
			dependencies = (
			);
			name = BCTestTask;
			productName = BCTestTask;
			productReference = A5354B942B86568800FE684B /* BCTestTask.app */;
			productType = "com.apple.product-type.application";
		};
/* End PBXNativeTarget section */

/* Begin PBXProject section */
		A5354B8C2B86568800FE684B /* Project object */ = {
			isa = PBXProject;
			attributes = {
				BuildIndependentTargetsInParallel = 1;
				LastSwiftUpdateCheck = 1510;
				LastUpgradeCheck = 1510;
				TargetAttributes = {
					A5354B932B86568800FE684B = {
						CreatedOnToolsVersion = 15.1;
					};
				};
			};
			buildConfigurationList = A5354B8F2B86568800FE684B /* Build configuration list for PBXProject "BCTestTask" */;
			compatibilityVersion = "Xcode 14.0";
			developmentRegion = en;
			hasScannedForEncodings = 0;
			knownRegions = (
				en,
				Base,
			);
			mainGroup = A5354B8B2B86568800FE684B;
			productRefGroup = A5354B952B86568800FE684B /* Products */;
			projectDirPath = "";
			projectRoot = "";
			targets = (
				A5354B932B86568800FE684B /* BCTestTask */,
			);
		};
/* End PBXProject section */

/* Begin PBXResourcesBuildPhase section */
		A5354B922B86568800FE684B /* Resources */ = {
			isa = PBXResourcesBuildPhase;
			buildActionMask = 2147483647;
			files = (
				A5354B9F2B86568C00FE684B /* Preview Assets.xcassets in Resources */,
				A5354B9C2B86568C00FE684B /* Assets.xcassets in Resources */,
			);
			runOnlyForDeploymentPostprocessing = 0;
		};
/* End PBXResourcesBuildPhase section */

/* Begin PBXSourcesBuildPhase section */
		A5354B902B86568800FE684B /* Sources */ = {
			isa = PBXSourcesBuildPhase;
			buildActionMask = 2147483647;
			files = (
				A5354BAE2B86662800FE684B /* Colours.swift in Sources */,
				A5354B9A2B86568800FE684B /* MainView.swift in Sources */,
				A56168332B8CE80100E33784 /* ButtonTitleView.swift in Sources */,
				A56168312B8CE77400E33784 /* DesignConstants.swift in Sources */,
				A56168352B8CE85E00E33784 /* ComfortableReadingWidth.swift in Sources */,
				A5796A832B8B8BEA006C6B81 /* BoundsChangeObserver.swift in Sources */,
				A561682B2B8CE68A00E33784 /* CapsuleButtonStyle.swift in Sources */,
				A561682F2B8CE6C700E33784 /* ButtonSize.swift in Sources */,
				A5796A812B8B84AE006C6B81 /* SCurve.swift in Sources */,
				A561682D2B8CE6AE00E33784 /* ButtonStyling.swift in Sources */,
				A5354B982B86568800FE684B /* BCTestTaskApp.swift in Sources */,
			);
			runOnlyForDeploymentPostprocessing = 0;
		};
/* End PBXSourcesBuildPhase section */

/* Begin XCBuildConfiguration section */
		A5354BA02B86568C00FE684B /* Debug */ = {
			isa = XCBuildConfiguration;
			buildSettings = {
				ALWAYS_SEARCH_USER_PATHS = NO;
				ASSETCATALOG_COMPILER_GENERATE_SWIFT_ASSET_SYMBOL_EXTENSIONS = YES;
				CLANG_ANALYZER_NONNULL = YES;
				CLANG_ANALYZER_NUMBER_OBJECT_CONVERSION = YES_AGGRESSIVE;
				CLANG_CXX_LANGUAGE_STANDARD = "gnu++20";
				CLANG_ENABLE_MODULES = YES;
				CLANG_ENABLE_OBJC_ARC = YES;
				CLANG_ENABLE_OBJC_WEAK = YES;
				CLANG_WARN_BLOCK_CAPTURE_AUTORELEASING = YES;
				CLANG_WARN_BOOL_CONVERSION = YES;
				CLANG_WARN_COMMA = YES;
				CLANG_WARN_CONSTANT_CONVERSION = YES;
				CLANG_WARN_DEPRECATED_OBJC_IMPLEMENTATIONS = YES;
				CLANG_WARN_DIRECT_OBJC_ISA_USAGE = YES_ERROR;
				CLANG_WARN_DOCUMENTATION_COMMENTS = YES;
				CLANG_WARN_EMPTY_BODY = YES;
				CLANG_WARN_ENUM_CONVERSION = YES;
				CLANG_WARN_INFINITE_RECURSION = YES;
				CLANG_WARN_INT_CONVERSION = YES;
				CLANG_WARN_NON_LITERAL_NULL_CONVERSION = YES;
				CLANG_WARN_OBJC_IMPLICIT_RETAIN_SELF = YES;
				CLANG_WARN_OBJC_LITERAL_CONVERSION = YES;
				CLANG_WARN_OBJC_ROOT_CLASS = YES_ERROR;
				CLANG_WARN_QUOTED_INCLUDE_IN_FRAMEWORK_HEADER = YES;
				CLANG_WARN_RANGE_LOOP_ANALYSIS = YES;
				CLANG_WARN_STRICT_PROTOTYPES = YES;
				CLANG_WARN_SUSPICIOUS_MOVE = YES;
				CLANG_WARN_UNGUARDED_AVAILABILITY = YES_AGGRESSIVE;
				CLANG_WARN_UNREACHABLE_CODE = YES;
				CLANG_WARN__DUPLICATE_METHOD_MATCH = YES;
				COPY_PHASE_STRIP = NO;
				DEBUG_INFORMATION_FORMAT = dwarf;
				ENABLE_STRICT_OBJC_MSGSEND = YES;
				ENABLE_TESTABILITY = YES;
				ENABLE_USER_SCRIPT_SANDBOXING = YES;
				GCC_C_LANGUAGE_STANDARD = gnu17;
				GCC_DYNAMIC_NO_PIC = NO;
				GCC_NO_COMMON_BLOCKS = YES;
				GCC_OPTIMIZATION_LEVEL = 0;
				GCC_PREPROCESSOR_DEFINITIONS = (
					"DEBUG=1",
					"$(inherited)",
				);
				GCC_WARN_64_TO_32_BIT_CONVERSION = YES;
				GCC_WARN_ABOUT_RETURN_TYPE = YES_ERROR;
				GCC_WARN_UNDECLARED_SELECTOR = YES;
				GCC_WARN_UNINITIALIZED_AUTOS = YES_AGGRESSIVE;
				GCC_WARN_UNUSED_FUNCTION = YES;
				GCC_WARN_UNUSED_VARIABLE = YES;
				IPHONEOS_DEPLOYMENT_TARGET = 17.0;
				LOCALIZATION_PREFERS_STRING_CATALOGS = YES;
				MTL_ENABLE_DEBUG_INFO = INCLUDE_SOURCE;
				MTL_FAST_MATH = YES;
				ONLY_ACTIVE_ARCH = YES;
				SDKROOT = iphoneos;
				SWIFT_ACTIVE_COMPILATION_CONDITIONS = "DEBUG $(inherited)";
				SWIFT_OPTIMIZATION_LEVEL = "-Onone";
			};
			name = Debug;
		};
		A5354BA12B86568C00FE684B /* Release */ = {
			isa = XCBuildConfiguration;
			buildSettings = {
				ALWAYS_SEARCH_USER_PATHS = NO;
				ASSETCATALOG_COMPILER_GENERATE_SWIFT_ASSET_SYMBOL_EXTENSIONS = YES;
				CLANG_ANALYZER_NONNULL = YES;
				CLANG_ANALYZER_NUMBER_OBJECT_CONVERSION = YES_AGGRESSIVE;
				CLANG_CXX_LANGUAGE_STANDARD = "gnu++20";
				CLANG_ENABLE_MODULES = YES;
				CLANG_ENABLE_OBJC_ARC = YES;
				CLANG_ENABLE_OBJC_WEAK = YES;
				CLANG_WARN_BLOCK_CAPTURE_AUTORELEASING = YES;
				CLANG_WARN_BOOL_CONVERSION = YES;
				CLANG_WARN_COMMA = YES;
				CLANG_WARN_CONSTANT_CONVERSION = YES;
				CLANG_WARN_DEPRECATED_OBJC_IMPLEMENTATIONS = YES;
				CLANG_WARN_DIRECT_OBJC_ISA_USAGE = YES_ERROR;
				CLANG_WARN_DOCUMENTATION_COMMENTS = YES;
				CLANG_WARN_EMPTY_BODY = YES;
				CLANG_WARN_ENUM_CONVERSION = YES;
				CLANG_WARN_INFINITE_RECURSION = YES;
				CLANG_WARN_INT_CONVERSION = YES;
				CLANG_WARN_NON_LITERAL_NULL_CONVERSION = YES;
				CLANG_WARN_OBJC_IMPLICIT_RETAIN_SELF = YES;
				CLANG_WARN_OBJC_LITERAL_CONVERSION = YES;
				CLANG_WARN_OBJC_ROOT_CLASS = YES_ERROR;
				CLANG_WARN_QUOTED_INCLUDE_IN_FRAMEWORK_HEADER = YES;
				CLANG_WARN_RANGE_LOOP_ANALYSIS = YES;
				CLANG_WARN_STRICT_PROTOTYPES = YES;
				CLANG_WARN_SUSPICIOUS_MOVE = YES;
				CLANG_WARN_UNGUARDED_AVAILABILITY = YES_AGGRESSIVE;
				CLANG_WARN_UNREACHABLE_CODE = YES;
				CLANG_WARN__DUPLICATE_METHOD_MATCH = YES;
				COPY_PHASE_STRIP = NO;
				DEBUG_INFORMATION_FORMAT = "dwarf-with-dsym";
				ENABLE_NS_ASSERTIONS = NO;
				ENABLE_STRICT_OBJC_MSGSEND = YES;
				ENABLE_USER_SCRIPT_SANDBOXING = YES;
				GCC_C_LANGUAGE_STANDARD = gnu17;
				GCC_NO_COMMON_BLOCKS = YES;
				GCC_WARN_64_TO_32_BIT_CONVERSION = YES;
				GCC_WARN_ABOUT_RETURN_TYPE = YES_ERROR;
				GCC_WARN_UNDECLARED_SELECTOR = YES;
				GCC_WARN_UNINITIALIZED_AUTOS = YES_AGGRESSIVE;
				GCC_WARN_UNUSED_FUNCTION = YES;
				GCC_WARN_UNUSED_VARIABLE = YES;
				IPHONEOS_DEPLOYMENT_TARGET = 17.0;
				LOCALIZATION_PREFERS_STRING_CATALOGS = YES;
				MTL_ENABLE_DEBUG_INFO = NO;
				MTL_FAST_MATH = YES;
				SDKROOT = iphoneos;
				SWIFT_COMPILATION_MODE = wholemodule;
				VALIDATE_PRODUCT = YES;
			};
			name = Release;
		};
		A5354BA32B86568C00FE684B /* Debug */ = {
			isa = XCBuildConfiguration;
			buildSettings = {
				ASSETCATALOG_COMPILER_APPICON_NAME = AppIcon;
				ASSETCATALOG_COMPILER_GLOBAL_ACCENT_COLOR_NAME = AccentColor;
				CODE_SIGN_STYLE = Automatic;
				CURRENT_PROJECT_VERSION = 1;
				DEVELOPMENT_ASSET_PATHS = "\"BCTestTask/Preview Content\"";
				DEVELOPMENT_TEAM = 7752TQQXG7;
				ENABLE_PREVIEWS = YES;
				GENERATE_INFOPLIST_FILE = YES;
				INFOPLIST_FILE = BCTestTask/Info.plist;
				INFOPLIST_KEY_UIApplicationSceneManifest_Generation = YES;
				INFOPLIST_KEY_UIApplicationSupportsIndirectInputEvents = YES;
				INFOPLIST_KEY_UILaunchScreen_Generation = YES;
				INFOPLIST_KEY_UISupportedInterfaceOrientations_iPad = "UIInterfaceOrientationPortrait UIInterfaceOrientationPortraitUpsideDown UIInterfaceOrientationLandscapeLeft UIInterfaceOrientationLandscapeRight";
				INFOPLIST_KEY_UISupportedInterfaceOrientations_iPhone = "UIInterfaceOrientationPortrait UIInterfaceOrientationLandscapeLeft UIInterfaceOrientationLandscapeRight";
				LD_RUNPATH_SEARCH_PATHS = (
					"$(inherited)",
					"@executable_path/Frameworks",
				);
				MARKETING_VERSION = 1.0;
				PRODUCT_BUNDLE_IDENTIFIER = "com.thebodycoach.ios-test-task";
				PRODUCT_NAME = "$(TARGET_NAME)";
				SUPPORTED_PLATFORMS = "iphoneos iphonesimulator";
				SUPPORTS_MACCATALYST = NO;
				SUPPORTS_MAC_DESIGNED_FOR_IPHONE_IPAD = NO;
				SWIFT_EMIT_LOC_STRINGS = YES;
				SWIFT_VERSION = 5.0;
				TARGETED_DEVICE_FAMILY = "1,2";
			};
			name = Debug;
		};
		A5354BA42B86568C00FE684B /* Release */ = {
			isa = XCBuildConfiguration;
			buildSettings = {
				ASSETCATALOG_COMPILER_APPICON_NAME = AppIcon;
				ASSETCATALOG_COMPILER_GLOBAL_ACCENT_COLOR_NAME = AccentColor;
				CODE_SIGN_STYLE = Automatic;
				CURRENT_PROJECT_VERSION = 1;
				DEVELOPMENT_ASSET_PATHS = "\"BCTestTask/Preview Content\"";
				DEVELOPMENT_TEAM = JZB94U6779;
				ENABLE_PREVIEWS = YES;
				GENERATE_INFOPLIST_FILE = YES;
				INFOPLIST_FILE = BCTestTask/Info.plist;
				INFOPLIST_KEY_UIApplicationSceneManifest_Generation = YES;
				INFOPLIST_KEY_UIApplicationSupportsIndirectInputEvents = YES;
				INFOPLIST_KEY_UILaunchScreen_Generation = YES;
				INFOPLIST_KEY_UISupportedInterfaceOrientations_iPad = "UIInterfaceOrientationPortrait UIInterfaceOrientationPortraitUpsideDown UIInterfaceOrientationLandscapeLeft UIInterfaceOrientationLandscapeRight";
				INFOPLIST_KEY_UISupportedInterfaceOrientations_iPhone = "UIInterfaceOrientationPortrait UIInterfaceOrientationLandscapeLeft UIInterfaceOrientationLandscapeRight";
				LD_RUNPATH_SEARCH_PATHS = (
					"$(inherited)",
					"@executable_path/Frameworks",
				);
				MARKETING_VERSION = 1.0;
				PRODUCT_BUNDLE_IDENTIFIER = "com.thebodycoach.ios-test-task";
				PRODUCT_NAME = "$(TARGET_NAME)";
				SUPPORTED_PLATFORMS = "iphoneos iphonesimulator";
				SUPPORTS_MACCATALYST = NO;
				SUPPORTS_MAC_DESIGNED_FOR_IPHONE_IPAD = NO;
				SWIFT_EMIT_LOC_STRINGS = YES;
				SWIFT_VERSION = 5.0;
				TARGETED_DEVICE_FAMILY = "1,2";
			};
			name = Release;
		};
/* End XCBuildConfiguration section */

/* Begin XCConfigurationList section */
		A5354B8F2B86568800FE684B /* Build configuration list for PBXProject "BCTestTask" */ = {
			isa = XCConfigurationList;
			buildConfigurations = (
				A5354BA02B86568C00FE684B /* Debug */,
				A5354BA12B86568C00FE684B /* Release */,
			);
			defaultConfigurationIsVisible = 0;
			defaultConfigurationName = Release;
		};
		A5354BA22B86568C00FE684B /* Build configuration list for PBXNativeTarget "BCTestTask" */ = {
			isa = XCConfigurationList;
			buildConfigurations = (
				A5354BA32B86568C00FE684B /* Debug */,
				A5354BA42B86568C00FE684B /* Release */,
			);
			defaultConfigurationIsVisible = 0;
			defaultConfigurationName = Release;
		};
/* End XCConfigurationList section */
	};
	rootObject = A5354B8C2B86568800FE684B /* Project object */;
}
