// !$*UTF8*$!
{
	archiveVersion = 1;
	classes = {
	};
	objectVersion = 56;
	objects = {

/* Begin PBXBuildFile section */
		A5354B982B86568800FE684B /* BCTestTaskApp.swift in Sources */ = {isa = PBXBuildFile; fileRef = A5354B972B86568800FE684B /* BCTestTaskApp.swift */; };
		A5354B9A2B86568800FE684B /* MainView.swift in Sources */ = {isa = PBXBuildFile; fileRef = A5354B992B86568800FE684B /* MainView.swift */; };
		A5354B9C2B86568C00FE684B /* Assets.xcassets in Resources */ = {isa = PBXBuildFile; fileRef = A5354B9B2B86568C00FE684B /* Assets.xcassets */; };
		A5354B9F2B86568C00FE684B /* Preview Assets.xcassets in Resources */ = {isa = PBXBuildFile; fileRef = A5354B9E2B86568C00FE684B /* Preview Assets.xcassets */; };
		A5354BAE2B86662800FE684B /* Colours.swift in Sources */ = {isa = PBXBuildFile; fileRef = A5354BAD2B86662800FE684B /* Colours.swift */; };
		A561682B2B8CE68A00E33784 /* CapsuleButtonStyle.swift in Sources */ = {isa = PBXBuildFile; fileRef = A561682A2B8CE68A00E33784 /* CapsuleButtonStyle.swift */; };
		A561682D2B8CE6AE00E33784 /* ButtonStyling.swift in Sources */ = {isa = PBXBuildFile; fileRef = A561682C2B8CE6AE00E33784 /* ButtonStyling.swift */; };
		A561682F2B8CE6C700E33784 /* ButtonSize.swift in Sources */ = {isa = PBXBuildFile; fileRef = A561682E2B8CE6C700E33784 /* ButtonSize.swift */; };
		A56168312B8CE77400E33784 /* DesignConstants.swift in Sources */ = {isa = PBXBuildFile; fileRef = A56168302B8CE77400E33784 /* DesignConstants.swift */; };
		A56168332B8CE80100E33784 /* ButtonTitleView.swift in Sources */ = {isa = PBXBuildFile; fileRef = A56168322B8CE80100E33784 /* ButtonTitleView.swift */; };
		A56168352B8CE85E00E33784 /* ComfortableReadingWidth.swift in Sources */ = {isa = PBXBuildFile; fileRef = A56168342B8CE85E00E33784 /* ComfortableReadingWidth.swift */; };
		A5796A812B8B84AE006C6B81 /* SCurve.swift in Sources */ = {isa = PBXBuildFile; fileRef = A5796A802B8B84AE006C6B81 /* SCurve.swift */; };
		A5796A832B8B8BEA006C6B81 /* BoundsChangeObserver.swift in Sources */ = {isa = PBXBuildFile; fileRef = A5796A822B8B8BEA006C6B81 /* BoundsChangeObserver.swift */; };
		B2E86A2E2B94B2FA00CEB9C9 /* StepCountCell.swift in Sources */ = {isa = PBXBuildFile; fileRef = B2E86A2D2B94B2F900CEB9C9 /* StepCountCell.swift */; };
		B2E86A312B94B31000CEB9C9 /* StepCountCellViewModel.swift in Sources */ = {isa = PBXBuildFile; fileRef = B2E86A302B94B31000CEB9C9 /* StepCountCellViewModel.swift */; };
		B2E86A332B94B46A00CEB9C9 /* MainViewModel.swift in Sources */ = {isa = PBXBuildFile; fileRef = B2E86A322B94B46A00CEB9C9 /* MainViewModel.swift */; };
		B2E86A352B94BEB500CEB9C9 /* CarouselView.swift in Sources */ = {isa = PBXBuildFile; fileRef = B2E86A342B94BEB500CEB9C9 /* CarouselView.swift */; };
		B2E86A382B94C12400CEB9C9 /* HealthDataRepository.swift in Sources */ = {isa = PBXBuildFile; fileRef = B2E86A372B94C12400CEB9C9 /* HealthDataRepository.swift */; };
		B2E86A3A2B94C13400CEB9C9 /* DefaultHealthDataRepository.swift in Sources */ = {isa = PBXBuildFile; fileRef = B2E86A392B94C13400CEB9C9 /* DefaultHealthDataRepository.swift */; };
		B2E86A3C2B94C15500CEB9C9 /* StepsData.swift in Sources */ = {isa = PBXBuildFile; fileRef = B2E86A3B2B94C15500CEB9C9 /* StepsData.swift */; };
		B2E86A402B94C68100CEB9C9 /* Int+Extensions.swift in Sources */ = {isa = PBXBuildFile; fileRef = B2E86A3F2B94C68100CEB9C9 /* Int+Extensions.swift */; };
		B2E86A422B94C68F00CEB9C9 /* Date+Extensions.swift in Sources */ = {isa = PBXBuildFile; fileRef = B2E86A412B94C68F00CEB9C9 /* Date+Extensions.swift */; };
		B2FD02182B94CAD400D9691E /* HealthDataRepositoryError.swift in Sources */ = {isa = PBXBuildFile; fileRef = B2FD02172B94CAD400D9691E /* HealthDataRepositoryError.swift */; };
		B2FD02282B94CEBE00D9691E /* MockHealthDataRepository.swift in Sources */ = {isa = PBXBuildFile; fileRef = B2FD02272B94CEBE00D9691E /* MockHealthDataRepository.swift */; };
		B2FD02292B94CECD00D9691E /* HealthDataRepository.swift in Sources */ = {isa = PBXBuildFile; fileRef = B2E86A372B94C12400CEB9C9 /* HealthDataRepository.swift */; };
		B2FD022A2B94CECF00D9691E /* DefaultHealthDataRepository.swift in Sources */ = {isa = PBXBuildFile; fileRef = B2E86A392B94C13400CEB9C9 /* DefaultHealthDataRepository.swift */; };
		B2FD022B2B94CED400D9691E /* StepsData.swift in Sources */ = {isa = PBXBuildFile; fileRef = B2E86A3B2B94C15500CEB9C9 /* StepsData.swift */; };
		B2FD022C2B94CED700D9691E /* HealthDataRepositoryError.swift in Sources */ = {isa = PBXBuildFile; fileRef = B2FD02172B94CAD400D9691E /* HealthDataRepositoryError.swift */; };
		B2FD022E2B94CEE800D9691E /* StepsData+Mock.swift in Sources */ = {isa = PBXBuildFile; fileRef = B2FD022D2B94CEE800D9691E /* StepsData+Mock.swift */; };
		B2FD02312B94CF1F00D9691E /* MainViewModelTests.swift in Sources */ = {isa = PBXBuildFile; fileRef = B2FD02302B94CF1F00D9691E /* MainViewModelTests.swift */; };
		B2FD02332B94CF8D00D9691E /* StepCountCellViewModelTests.swift in Sources */ = {isa = PBXBuildFile; fileRef = B2FD02322B94CF8D00D9691E /* StepCountCellViewModelTests.swift */; };
		B2FD02342B94CFE600D9691E /* MainViewModel.swift in Sources */ = {isa = PBXBuildFile; fileRef = B2E86A322B94B46A00CEB9C9 /* MainViewModel.swift */; };
		B2FD02352B94CFE900D9691E /* StepCountCellViewModel.swift in Sources */ = {isa = PBXBuildFile; fileRef = B2E86A302B94B31000CEB9C9 /* StepCountCellViewModel.swift */; };
		B2FD02362B94D09600D9691E /* Date+Extensions.swift in Sources */ = {isa = PBXBuildFile; fileRef = B2E86A412B94C68F00CEB9C9 /* Date+Extensions.swift */; };
		B2FD02372B94D09B00D9691E /* Int+Extensions.swift in Sources */ = {isa = PBXBuildFile; fileRef = B2E86A3F2B94C68100CEB9C9 /* Int+Extensions.swift */; };
/* End PBXBuildFile section */

/* Begin PBXContainerItemProxy section */
		B2FD02212B94CE9F00D9691E /* PBXContainerItemProxy */ = {
			isa = PBXContainerItemProxy;
			containerPortal = A5354B8C2B86568800FE684B /* Project object */;
			proxyType = 1;
			remoteGlobalIDString = A5354B932B86568800FE684B;
			remoteInfo = BCTestTask;
		};
/* End PBXContainerItemProxy section */

/* Begin PBXFileReference section */
		A5354B942B86568800FE684B /* BCTestTask.app */ = {isa = PBXFileReference; explicitFileType = wrapper.application; includeInIndex = 0; path = BCTestTask.app; sourceTree = BUILT_PRODUCTS_DIR; };
		A5354B972B86568800FE684B /* BCTestTaskApp.swift */ = {isa = PBXFileReference; lastKnownFileType = sourcecode.swift; path = BCTestTaskApp.swift; sourceTree = "<group>"; };
		A5354B992B86568800FE684B /* MainView.swift */ = {isa = PBXFileReference; lastKnownFileType = sourcecode.swift; path = MainView.swift; sourceTree = "<group>"; };
		A5354B9B2B86568C00FE684B /* Assets.xcassets */ = {isa = PBXFileReference; lastKnownFileType = folder.assetcatalog; path = Assets.xcassets; sourceTree = "<group>"; };
		A5354B9E2B86568C00FE684B /* Preview Assets.xcassets */ = {isa = PBXFileReference; lastKnownFileType = folder.assetcatalog; path = "Preview Assets.xcassets"; sourceTree = "<group>"; };
		A5354BAD2B86662800FE684B /* Colours.swift */ = {isa = PBXFileReference; lastKnownFileType = sourcecode.swift; path = Colours.swift; sourceTree = "<group>"; };
		A561682A2B8CE68A00E33784 /* CapsuleButtonStyle.swift */ = {isa = PBXFileReference; lastKnownFileType = sourcecode.swift; path = CapsuleButtonStyle.swift; sourceTree = "<group>"; };
		A561682C2B8CE6AE00E33784 /* ButtonStyling.swift */ = {isa = PBXFileReference; lastKnownFileType = sourcecode.swift; path = ButtonStyling.swift; sourceTree = "<group>"; };
		A561682E2B8CE6C700E33784 /* ButtonSize.swift */ = {isa = PBXFileReference; lastKnownFileType = sourcecode.swift; path = ButtonSize.swift; sourceTree = "<group>"; };
		A56168302B8CE77400E33784 /* DesignConstants.swift */ = {isa = PBXFileReference; lastKnownFileType = sourcecode.swift; path = DesignConstants.swift; sourceTree = "<group>"; };
		A56168322B8CE80100E33784 /* ButtonTitleView.swift */ = {isa = PBXFileReference; lastKnownFileType = sourcecode.swift; path = ButtonTitleView.swift; sourceTree = "<group>"; };
		A56168342B8CE85E00E33784 /* ComfortableReadingWidth.swift */ = {isa = PBXFileReference; lastKnownFileType = sourcecode.swift; path = ComfortableReadingWidth.swift; sourceTree = "<group>"; };
		A56168382B8CEA0100E33784 /* Info.plist */ = {isa = PBXFileReference; lastKnownFileType = text.plist; path = Info.plist; sourceTree = "<group>"; };
		A5796A802B8B84AE006C6B81 /* SCurve.swift */ = {isa = PBXFileReference; lastKnownFileType = sourcecode.swift; path = SCurve.swift; sourceTree = "<group>"; };
		A5796A822B8B8BEA006C6B81 /* BoundsChangeObserver.swift */ = {isa = PBXFileReference; lastKnownFileType = sourcecode.swift; path = BoundsChangeObserver.swift; sourceTree = "<group>"; };
		B2E86A2D2B94B2F900CEB9C9 /* StepCountCell.swift */ = {isa = PBXFileReference; lastKnownFileType = sourcecode.swift; path = StepCountCell.swift; sourceTree = "<group>"; };
		B2E86A302B94B31000CEB9C9 /* StepCountCellViewModel.swift */ = {isa = PBXFileReference; lastKnownFileType = sourcecode.swift; path = StepCountCellViewModel.swift; sourceTree = "<group>"; };
		B2E86A322B94B46A00CEB9C9 /* MainViewModel.swift */ = {isa = PBXFileReference; lastKnownFileType = sourcecode.swift; path = MainViewModel.swift; sourceTree = "<group>"; };
		B2E86A342B94BEB500CEB9C9 /* CarouselView.swift */ = {isa = PBXFileReference; lastKnownFileType = sourcecode.swift; path = CarouselView.swift; sourceTree = "<group>"; };
		B2E86A372B94C12400CEB9C9 /* HealthDataRepository.swift */ = {isa = PBXFileReference; lastKnownFileType = sourcecode.swift; path = HealthDataRepository.swift; sourceTree = "<group>"; };
		B2E86A392B94C13400CEB9C9 /* DefaultHealthDataRepository.swift */ = {isa = PBXFileReference; lastKnownFileType = sourcecode.swift; path = DefaultHealthDataRepository.swift; sourceTree = "<group>"; };
		B2E86A3B2B94C15500CEB9C9 /* StepsData.swift */ = {isa = PBXFileReference; lastKnownFileType = sourcecode.swift; path = StepsData.swift; sourceTree = "<group>"; };
		B2E86A3D2B94C4C300CEB9C9 /* BCTestTask.entitlements */ = {isa = PBXFileReference; lastKnownFileType = text.plist.entitlements; path = BCTestTask.entitlements; sourceTree = "<group>"; };
		B2E86A3F2B94C68100CEB9C9 /* Int+Extensions.swift */ = {isa = PBXFileReference; lastKnownFileType = sourcecode.swift; path = "Int+Extensions.swift"; sourceTree = "<group>"; };
		B2E86A412B94C68F00CEB9C9 /* Date+Extensions.swift */ = {isa = PBXFileReference; lastKnownFileType = sourcecode.swift; path = "Date+Extensions.swift"; sourceTree = "<group>"; };
		B2FD02172B94CAD400D9691E /* HealthDataRepositoryError.swift */ = {isa = PBXFileReference; lastKnownFileType = sourcecode.swift; path = HealthDataRepositoryError.swift; sourceTree = "<group>"; };
		B2FD021D2B94CE9F00D9691E /* BCTestTaskTests.xctest */ = {isa = PBXFileReference; explicitFileType = wrapper.cfbundle; includeInIndex = 0; path = BCTestTaskTests.xctest; sourceTree = BUILT_PRODUCTS_DIR; };
		B2FD02272B94CEBE00D9691E /* MockHealthDataRepository.swift */ = {isa = PBXFileReference; lastKnownFileType = sourcecode.swift; path = MockHealthDataRepository.swift; sourceTree = "<group>"; };
		B2FD022D2B94CEE800D9691E /* StepsData+Mock.swift */ = {isa = PBXFileReference; lastKnownFileType = sourcecode.swift; path = "StepsData+Mock.swift"; sourceTree = "<group>"; };
		B2FD02302B94CF1F00D9691E /* MainViewModelTests.swift */ = {isa = PBXFileReference; lastKnownFileType = sourcecode.swift; path = MainViewModelTests.swift; sourceTree = "<group>"; };
		B2FD02322B94CF8D00D9691E /* StepCountCellViewModelTests.swift */ = {isa = PBXFileReference; lastKnownFileType = sourcecode.swift; path = StepCountCellViewModelTests.swift; sourceTree = "<group>"; };
/* End PBXFileReference section */

/* Begin PBXFrameworksBuildPhase section */
		A5354B912B86568800FE684B /* Frameworks */ = {
			isa = PBXFrameworksBuildPhase;
			buildActionMask = 2147483647;
			files = (
			);
			runOnlyForDeploymentPostprocessing = 0;
		};
		B2FD021A2B94CE9F00D9691E /* Frameworks */ = {
			isa = PBXFrameworksBuildPhase;
			buildActionMask = 2147483647;
			files = (
			);
			runOnlyForDeploymentPostprocessing = 0;
		};
/* End PBXFrameworksBuildPhase section */

/* Begin PBXGroup section */
		A5354B8B2B86568800FE684B = {
			isa = PBXGroup;
			children = (
				A5354B962B86568800FE684B /* BCTestTask */,
				B2FD021E2B94CE9F00D9691E /* BCTestTaskTests */,
				A5354B952B86568800FE684B /* Products */,
			);
			sourceTree = "<group>";
		};
		A5354B952B86568800FE684B /* Products */ = {
			isa = PBXGroup;
			children = (
				A5354B942B86568800FE684B /* BCTestTask.app */,
				B2FD021D2B94CE9F00D9691E /* BCTestTaskTests.xctest */,
			);
			name = Products;
			sourceTree = "<group>";
		};
		A5354B962B86568800FE684B /* BCTestTask */ = {
			isa = PBXGroup;
			children = (
				B2E86A3E2B94C67100CEB9C9 /* Extensions */,
				B2E86A3D2B94C4C300CEB9C9 /* BCTestTask.entitlements */,
				B2E86A362B94C11400CEB9C9 /* Data */,
				A56168382B8CEA0100E33784 /* Info.plist */,
				A5354B972B86568800FE684B /* BCTestTaskApp.swift */,
				A5354B9B2B86568C00FE684B /* Assets.xcassets */,
				A5354BA82B8664AF00FE684B /* Design */,
				A5354B9D2B86568C00FE684B /* Preview Content */,
				B2E86A2F2B94B2FF00CEB9C9 /* ViewModels */,
				A5354BA52B865A0600FE684B /* Views */,
			);
			path = BCTestTask;
			sourceTree = "<group>";
		};
		A5354B9D2B86568C00FE684B /* Preview Content */ = {
			isa = PBXGroup;
			children = (
				A5354B9E2B86568C00FE684B /* Preview Assets.xcassets */,
			);
			path = "Preview Content";
			sourceTree = "<group>";
		};
		A5354BA52B865A0600FE684B /* Views */ = {
			isa = PBXGroup;
			children = (
				A5354B992B86568800FE684B /* MainView.swift */,
				A56168322B8CE80100E33784 /* ButtonTitleView.swift */,
				B2E86A2D2B94B2F900CEB9C9 /* StepCountCell.swift */,
				B2E86A342B94BEB500CEB9C9 /* CarouselView.swift */,
			);
			path = Views;
			sourceTree = "<group>";
		};
		A5354BA82B8664AF00FE684B /* Design */ = {
			isa = PBXGroup;
			children = (
				A5354BAD2B86662800FE684B /* Colours.swift */,
				A5796A802B8B84AE006C6B81 /* SCurve.swift */,
				A5796A822B8B8BEA006C6B81 /* BoundsChangeObserver.swift */,
				A561682A2B8CE68A00E33784 /* CapsuleButtonStyle.swift */,
				A561682C2B8CE6AE00E33784 /* ButtonStyling.swift */,
				A561682E2B8CE6C700E33784 /* ButtonSize.swift */,
				A56168302B8CE77400E33784 /* DesignConstants.swift */,
				A56168342B8CE85E00E33784 /* ComfortableReadingWidth.swift */,
			);
			path = Design;
			sourceTree = "<group>";
		};
		B2E86A2F2B94B2FF00CEB9C9 /* ViewModels */ = {
			isa = PBXGroup;
			children = (
				B2E86A302B94B31000CEB9C9 /* StepCountCellViewModel.swift */,
				B2E86A322B94B46A00CEB9C9 /* MainViewModel.swift */,
			);
			path = ViewModels;
			sourceTree = "<group>";
		};
		B2E86A362B94C11400CEB9C9 /* Data */ = {
			isa = PBXGroup;
			children = (
				B2E86A372B94C12400CEB9C9 /* HealthDataRepository.swift */,
				B2E86A392B94C13400CEB9C9 /* DefaultHealthDataRepository.swift */,
				B2E86A3B2B94C15500CEB9C9 /* StepsData.swift */,
				B2FD02172B94CAD400D9691E /* HealthDataRepositoryError.swift */,
			);
			path = Data;
			sourceTree = "<group>";
		};
		B2E86A3E2B94C67100CEB9C9 /* Extensions */ = {
			isa = PBXGroup;
			children = (
				B2E86A3F2B94C68100CEB9C9 /* Int+Extensions.swift */,
				B2E86A412B94C68F00CEB9C9 /* Date+Extensions.swift */,
			);
			path = Extensions;
			sourceTree = "<group>";
		};
		B2FD021E2B94CE9F00D9691E /* BCTestTaskTests */ = {
			isa = PBXGroup;
			children = (
				B2FD022F2B94CEFE00D9691E /* ViewModelTests */,
				B2FD02262B94CEAB00D9691E /* Mocks */,
			);
			path = BCTestTaskTests;
			sourceTree = "<group>";
		};
		B2FD02262B94CEAB00D9691E /* Mocks */ = {
			isa = PBXGroup;
			children = (
				B2FD02272B94CEBE00D9691E /* MockHealthDataRepository.swift */,
				B2FD022D2B94CEE800D9691E /* StepsData+Mock.swift */,
			);
			path = Mocks;
			sourceTree = "<group>";
		};
		B2FD022F2B94CEFE00D9691E /* ViewModelTests */ = {
			isa = PBXGroup;
			children = (
				B2FD02302B94CF1F00D9691E /* MainViewModelTests.swift */,
				B2FD02322B94CF8D00D9691E /* StepCountCellViewModelTests.swift */,
			);
			path = ViewModelTests;
			sourceTree = "<group>";
		};
/* End PBXGroup section */

/* Begin PBXNativeTarget section */
		A5354B932B86568800FE684B /* BCTestTask */ = {
			isa = PBXNativeTarget;
			buildConfigurationList = A5354BA22B86568C00FE684B /* Build configuration list for PBXNativeTarget "BCTestTask" */;
			buildPhases = (
				A5354B902B86568800FE684B /* Sources */,
				A5354B912B86568800FE684B /* Frameworks */,
				A5354B922B86568800FE684B /* Resources */,
			);
			buildRules = (
			);
			dependencies = (
			);
			name = BCTestTask;
			productName = BCTestTask;
			productReference = A5354B942B86568800FE684B /* BCTestTask.app */;
			productType = "com.apple.product-type.application";
		};
		B2FD021C2B94CE9F00D9691E /* BCTestTaskTests */ = {
			isa = PBXNativeTarget;
			buildConfigurationList = B2FD02232B94CE9F00D9691E /* Build configuration list for PBXNativeTarget "BCTestTaskTests" */;
			buildPhases = (
				B2FD02192B94CE9F00D9691E /* Sources */,
				B2FD021A2B94CE9F00D9691E /* Frameworks */,
				B2FD021B2B94CE9F00D9691E /* Resources */,
			);
			buildRules = (
			);
			dependencies = (
				B2FD02222B94CE9F00D9691E /* PBXTargetDependency */,
			);
			name = BCTestTaskTests;
			productName = BCTestTaskTests;
			productReference = B2FD021D2B94CE9F00D9691E /* BCTestTaskTests.xctest */;
			productType = "com.apple.product-type.bundle.unit-test";
		};
/* End PBXNativeTarget section */

/* Begin PBXProject section */
		A5354B8C2B86568800FE684B /* Project object */ = {
			isa = PBXProject;
			attributes = {
				BuildIndependentTargetsInParallel = 1;
				LastSwiftUpdateCheck = 1520;
				LastUpgradeCheck = 1510;
				TargetAttributes = {
					A5354B932B86568800FE684B = {
						CreatedOnToolsVersion = 15.1;
					};
					B2FD021C2B94CE9F00D9691E = {
						CreatedOnToolsVersion = 15.2;
						TestTargetID = A5354B932B86568800FE684B;
					};
				};
			};
			buildConfigurationList = A5354B8F2B86568800FE684B /* Build configuration list for PBXProject "BCTestTask" */;
			compatibilityVersion = "Xcode 14.0";
			developmentRegion = en;
			hasScannedForEncodings = 0;
			knownRegions = (
				en,
				Base,
			);
			mainGroup = A5354B8B2B86568800FE684B;
			productRefGroup = A5354B952B86568800FE684B /* Products */;
			projectDirPath = "";
			projectRoot = "";
			targets = (
				A5354B932B86568800FE684B /* BCTestTask */,
				B2FD021C2B94CE9F00D9691E /* BCTestTaskTests */,
			);
		};
/* End PBXProject section */

/* Begin PBXResourcesBuildPhase section */
		A5354B922B86568800FE684B /* Resources */ = {
			isa = PBXResourcesBuildPhase;
			buildActionMask = 2147483647;
			files = (
				A5354B9F2B86568C00FE684B /* Preview Assets.xcassets in Resources */,
				A5354B9C2B86568C00FE684B /* Assets.xcassets in Resources */,
			);
			runOnlyForDeploymentPostprocessing = 0;
		};
		B2FD021B2B94CE9F00D9691E /* Resources */ = {
			isa = PBXResourcesBuildPhase;
			buildActionMask = 2147483647;
			files = (
			);
			runOnlyForDeploymentPostprocessing = 0;
		};
/* End PBXResourcesBuildPhase section */

/* Begin PBXSourcesBuildPhase section */
		A5354B902B86568800FE684B /* Sources */ = {
			isa = PBXSourcesBuildPhase;
			buildActionMask = 2147483647;
			files = (
				B2E86A312B94B31000CEB9C9 /* StepCountCellViewModel.swift in Sources */,
				B2E86A402B94C68100CEB9C9 /* Int+Extensions.swift in Sources */,
				A5354BAE2B86662800FE684B /* Colours.swift in Sources */,
				A5354B9A2B86568800FE684B /* MainView.swift in Sources */,
				A56168332B8CE80100E33784 /* ButtonTitleView.swift in Sources */,
				B2E86A2E2B94B2FA00CEB9C9 /* StepCountCell.swift in Sources */,
				B2E86A382B94C12400CEB9C9 /* HealthDataRepository.swift in Sources */,
				B2E86A3A2B94C13400CEB9C9 /* DefaultHealthDataRepository.swift in Sources */,
				B2E86A3C2B94C15500CEB9C9 /* StepsData.swift in Sources */,
				A56168312B8CE77400E33784 /* DesignConstants.swift in Sources */,
				B2FD02182B94CAD400D9691E /* HealthDataRepositoryError.swift in Sources */,
				A56168352B8CE85E00E33784 /* ComfortableReadingWidth.swift in Sources */,
				B2E86A332B94B46A00CEB9C9 /* MainViewModel.swift in Sources */,
				A5796A832B8B8BEA006C6B81 /* BoundsChangeObserver.swift in Sources */,
				B2E86A422B94C68F00CEB9C9 /* Date+Extensions.swift in Sources */,
				A561682B2B8CE68A00E33784 /* CapsuleButtonStyle.swift in Sources */,
				B2E86A352B94BEB500CEB9C9 /* CarouselView.swift in Sources */,
				A561682F2B8CE6C700E33784 /* ButtonSize.swift in Sources */,
				A5796A812B8B84AE006C6B81 /* SCurve.swift in Sources */,
				A561682D2B8CE6AE00E33784 /* ButtonStyling.swift in Sources */,
				A5354B982B86568800FE684B /* BCTestTaskApp.swift in Sources */,
			);
			runOnlyForDeploymentPostprocessing = 0;
		};
		B2FD02192B94CE9F00D9691E /* Sources */ = {
			isa = PBXSourcesBuildPhase;
			buildActionMask = 2147483647;
			files = (
				B2FD02332B94CF8D00D9691E /* StepCountCellViewModelTests.swift in Sources */,
				B2FD02362B94D09600D9691E /* Date+Extensions.swift in Sources */,
				B2FD022B2B94CED400D9691E /* StepsData.swift in Sources */,
				B2FD02292B94CECD00D9691E /* HealthDataRepository.swift in Sources */,
				B2FD02282B94CEBE00D9691E /* MockHealthDataRepository.swift in Sources */,
				B2FD022E2B94CEE800D9691E /* StepsData+Mock.swift in Sources */,
				B2FD022C2B94CED700D9691E /* HealthDataRepositoryError.swift in Sources */,
				B2FD022A2B94CECF00D9691E /* DefaultHealthDataRepository.swift in Sources */,
				B2FD02312B94CF1F00D9691E /* MainViewModelTests.swift in Sources */,
				B2FD02372B94D09B00D9691E /* Int+Extensions.swift in Sources */,
				B2FD02352B94CFE900D9691E /* StepCountCellViewModel.swift in Sources */,
				B2FD02342B94CFE600D9691E /* MainViewModel.swift in Sources */,
			);
			runOnlyForDeploymentPostprocessing = 0;
		};
/* End PBXSourcesBuildPhase section */

/* Begin PBXTargetDependency section */
		B2FD02222B94CE9F00D9691E /* PBXTargetDependency */ = {
			isa = PBXTargetDependency;
			target = A5354B932B86568800FE684B /* BCTestTask */;
			targetProxy = B2FD02212B94CE9F00D9691E /* PBXContainerItemProxy */;
		};
/* End PBXTargetDependency section */

/* Begin XCBuildConfiguration section */
		A5354BA02B86568C00FE684B /* Debug */ = {
			isa = XCBuildConfiguration;
			buildSettings = {
				ALWAYS_SEARCH_USER_PATHS = NO;
				ASSETCATALOG_COMPILER_GENERATE_SWIFT_ASSET_SYMBOL_EXTENSIONS = YES;
				CLANG_ANALYZER_NONNULL = YES;
				CLANG_ANALYZER_NUMBER_OBJECT_CONVERSION = YES_AGGRESSIVE;
				CLANG_CXX_LANGUAGE_STANDARD = "gnu++20";
				CLANG_ENABLE_MODULES = YES;
				CLANG_ENABLE_OBJC_ARC = YES;
				CLANG_ENABLE_OBJC_WEAK = YES;
				CLANG_WARN_BLOCK_CAPTURE_AUTORELEASING = YES;
				CLANG_WARN_BOOL_CONVERSION = YES;
				CLANG_WARN_COMMA = YES;
				CLANG_WARN_CONSTANT_CONVERSION = YES;
				CLANG_WARN_DEPRECATED_OBJC_IMPLEMENTATIONS = YES;
				CLANG_WARN_DIRECT_OBJC_ISA_USAGE = YES_ERROR;
				CLANG_WARN_DOCUMENTATION_COMMENTS = YES;
				CLANG_WARN_EMPTY_BODY = YES;
				CLANG_WARN_ENUM_CONVERSION = YES;
				CLANG_WARN_INFINITE_RECURSION = YES;
				CLANG_WARN_INT_CONVERSION = YES;
				CLANG_WARN_NON_LITERAL_NULL_CONVERSION = YES;
				CLANG_WARN_OBJC_IMPLICIT_RETAIN_SELF = YES;
				CLANG_WARN_OBJC_LITERAL_CONVERSION = YES;
				CLANG_WARN_OBJC_ROOT_CLASS = YES_ERROR;
				CLANG_WARN_QUOTED_INCLUDE_IN_FRAMEWORK_HEADER = YES;
				CLANG_WARN_RANGE_LOOP_ANALYSIS = YES;
				CLANG_WARN_STRICT_PROTOTYPES = YES;
				CLANG_WARN_SUSPICIOUS_MOVE = YES;
				CLANG_WARN_UNGUARDED_AVAILABILITY = YES_AGGRESSIVE;
				CLANG_WARN_UNREACHABLE_CODE = YES;
				CLANG_WARN__DUPLICATE_METHOD_MATCH = YES;
				COPY_PHASE_STRIP = NO;
				DEBUG_INFORMATION_FORMAT = dwarf;
				ENABLE_STRICT_OBJC_MSGSEND = YES;
				ENABLE_TESTABILITY = YES;
				ENABLE_USER_SCRIPT_SANDBOXING = YES;
				GCC_C_LANGUAGE_STANDARD = gnu17;
				GCC_DYNAMIC_NO_PIC = NO;
				GCC_NO_COMMON_BLOCKS = YES;
				GCC_OPTIMIZATION_LEVEL = 0;
				GCC_PREPROCESSOR_DEFINITIONS = (
					"DEBUG=1",
					"$(inherited)",
				);
				GCC_WARN_64_TO_32_BIT_CONVERSION = YES;
				GCC_WARN_ABOUT_RETURN_TYPE = YES_ERROR;
				GCC_WARN_UNDECLARED_SELECTOR = YES;
				GCC_WARN_UNINITIALIZED_AUTOS = YES_AGGRESSIVE;
				GCC_WARN_UNUSED_FUNCTION = YES;
				GCC_WARN_UNUSED_VARIABLE = YES;
				IPHONEOS_DEPLOYMENT_TARGET = 17.0;
				LOCALIZATION_PREFERS_STRING_CATALOGS = YES;
				MTL_ENABLE_DEBUG_INFO = INCLUDE_SOURCE;
				MTL_FAST_MATH = YES;
				ONLY_ACTIVE_ARCH = YES;
				SDKROOT = iphoneos;
				SWIFT_ACTIVE_COMPILATION_CONDITIONS = "DEBUG $(inherited)";
				SWIFT_OPTIMIZATION_LEVEL = "-Onone";
			};
			name = Debug;
		};
		A5354BA12B86568C00FE684B /* Release */ = {
			isa = XCBuildConfiguration;
			buildSettings = {
				ALWAYS_SEARCH_USER_PATHS = NO;
				ASSETCATALOG_COMPILER_GENERATE_SWIFT_ASSET_SYMBOL_EXTENSIONS = YES;
				CLANG_ANALYZER_NONNULL = YES;
				CLANG_ANALYZER_NUMBER_OBJECT_CONVERSION = YES_AGGRESSIVE;
				CLANG_CXX_LANGUAGE_STANDARD = "gnu++20";
				CLANG_ENABLE_MODULES = YES;
				CLANG_ENABLE_OBJC_ARC = YES;
				CLANG_ENABLE_OBJC_WEAK = YES;
				CLANG_WARN_BLOCK_CAPTURE_AUTORELEASING = YES;
				CLANG_WARN_BOOL_CONVERSION = YES;
				CLANG_WARN_COMMA = YES;
				CLANG_WARN_CONSTANT_CONVERSION = YES;
				CLANG_WARN_DEPRECATED_OBJC_IMPLEMENTATIONS = YES;
				CLANG_WARN_DIRECT_OBJC_ISA_USAGE = YES_ERROR;
				CLANG_WARN_DOCUMENTATION_COMMENTS = YES;
				CLANG_WARN_EMPTY_BODY = YES;
				CLANG_WARN_ENUM_CONVERSION = YES;
				CLANG_WARN_INFINITE_RECURSION = YES;
				CLANG_WARN_INT_CONVERSION = YES;
				CLANG_WARN_NON_LITERAL_NULL_CONVERSION = YES;
				CLANG_WARN_OBJC_IMPLICIT_RETAIN_SELF = YES;
				CLANG_WARN_OBJC_LITERAL_CONVERSION = YES;
				CLANG_WARN_OBJC_ROOT_CLASS = YES_ERROR;
				CLANG_WARN_QUOTED_INCLUDE_IN_FRAMEWORK_HEADER = YES;
				CLANG_WARN_RANGE_LOOP_ANALYSIS = YES;
				CLANG_WARN_STRICT_PROTOTYPES = YES;
				CLANG_WARN_SUSPICIOUS_MOVE = YES;
				CLANG_WARN_UNGUARDED_AVAILABILITY = YES_AGGRESSIVE;
				CLANG_WARN_UNREACHABLE_CODE = YES;
				CLANG_WARN__DUPLICATE_METHOD_MATCH = YES;
				COPY_PHASE_STRIP = NO;
				DEBUG_INFORMATION_FORMAT = "dwarf-with-dsym";
				ENABLE_NS_ASSERTIONS = NO;
				ENABLE_STRICT_OBJC_MSGSEND = YES;
				ENABLE_USER_SCRIPT_SANDBOXING = YES;
				GCC_C_LANGUAGE_STANDARD = gnu17;
				GCC_NO_COMMON_BLOCKS = YES;
				GCC_WARN_64_TO_32_BIT_CONVERSION = YES;
				GCC_WARN_ABOUT_RETURN_TYPE = YES_ERROR;
				GCC_WARN_UNDECLARED_SELECTOR = YES;
				GCC_WARN_UNINITIALIZED_AUTOS = YES_AGGRESSIVE;
				GCC_WARN_UNUSED_FUNCTION = YES;
				GCC_WARN_UNUSED_VARIABLE = YES;
				IPHONEOS_DEPLOYMENT_TARGET = 17.0;
				LOCALIZATION_PREFERS_STRING_CATALOGS = YES;
				MTL_ENABLE_DEBUG_INFO = NO;
				MTL_FAST_MATH = YES;
				SDKROOT = iphoneos;
				SWIFT_COMPILATION_MODE = wholemodule;
				VALIDATE_PRODUCT = YES;
			};
			name = Release;
		};
		A5354BA32B86568C00FE684B /* Debug */ = {
			isa = XCBuildConfiguration;
			buildSettings = {
				ASSETCATALOG_COMPILER_APPICON_NAME = AppIcon;
				ASSETCATALOG_COMPILER_GLOBAL_ACCENT_COLOR_NAME = AccentColor;
				CODE_SIGN_ENTITLEMENTS = BCTestTask/BCTestTask.entitlements;
				CODE_SIGN_STYLE = Automatic;
				CURRENT_PROJECT_VERSION = 1;
				DEVELOPMENT_ASSET_PATHS = "\"BCTestTask/Preview Content\"";
				DEVELOPMENT_TEAM = Y9ZZ2898LM;
				ENABLE_PREVIEWS = YES;
				GENERATE_INFOPLIST_FILE = YES;
				INFOPLIST_FILE = BCTestTask/Info.plist;
				INFOPLIST_KEY_NSHealthShareUsageDescription = "This app uses your step count data to help you track your weekly steps";
				INFOPLIST_KEY_UIApplicationSceneManifest_Generation = YES;
				INFOPLIST_KEY_UIApplicationSupportsIndirectInputEvents = YES;
				INFOPLIST_KEY_UILaunchScreen_Generation = YES;
				INFOPLIST_KEY_UISupportedInterfaceOrientations_iPad = "UIInterfaceOrientationPortrait UIInterfaceOrientationPortraitUpsideDown UIInterfaceOrientationLandscapeLeft UIInterfaceOrientationLandscapeRight";
				INFOPLIST_KEY_UISupportedInterfaceOrientations_iPhone = "UIInterfaceOrientationPortrait UIInterfaceOrientationLandscapeLeft UIInterfaceOrientationLandscapeRight";
				LD_RUNPATH_SEARCH_PATHS = (
					"$(inherited)",
					"@executable_path/Frameworks",
				);
				MARKETING_VERSION = 1.0;
				PRODUCT_BUNDLE_IDENTIFIER = "com.emmapendlebury.ios-test-task";
				PRODUCT_NAME = "$(TARGET_NAME)";
				SUPPORTED_PLATFORMS = "iphoneos iphonesimulator";
				SUPPORTS_MACCATALYST = NO;
				SUPPORTS_MAC_DESIGNED_FOR_IPHONE_IPAD = NO;
				SWIFT_EMIT_LOC_STRINGS = YES;
				SWIFT_VERSION = 5.0;
				TARGETED_DEVICE_FAMILY = "1,2";
			};
			name = Debug;
		};
		A5354BA42B86568C00FE684B /* Release */ = {
			isa = XCBuildConfiguration;
			buildSettings = {
				ASSETCATALOG_COMPILER_APPICON_NAME = AppIcon;
				ASSETCATALOG_COMPILER_GLOBAL_ACCENT_COLOR_NAME = AccentColor;
				CODE_SIGN_ENTITLEMENTS = BCTestTask/BCTestTask.entitlements;
				CODE_SIGN_STYLE = Automatic;
				CURRENT_PROJECT_VERSION = 1;
				DEVELOPMENT_ASSET_PATHS = "\"BCTestTask/Preview Content\"";
				DEVELOPMENT_TEAM = JZB94U6779;
				ENABLE_PREVIEWS = YES;
				GENERATE_INFOPLIST_FILE = YES;
				INFOPLIST_FILE = BCTestTask/Info.plist;
				INFOPLIST_KEY_NSHealthShareUsageDescription = "This app uses your step count data to help you track your weekly steps";
				INFOPLIST_KEY_UIApplicationSceneManifest_Generation = YES;
				INFOPLIST_KEY_UIApplicationSupportsIndirectInputEvents = YES;
				INFOPLIST_KEY_UILaunchScreen_Generation = YES;
				INFOPLIST_KEY_UISupportedInterfaceOrientations_iPad = "UIInterfaceOrientationPortrait UIInterfaceOrientationPortraitUpsideDown UIInterfaceOrientationLandscapeLeft UIInterfaceOrientationLandscapeRight";
				INFOPLIST_KEY_UISupportedInterfaceOrientations_iPhone = "UIInterfaceOrientationPortrait UIInterfaceOrientationLandscapeLeft UIInterfaceOrientationLandscapeRight";
				LD_RUNPATH_SEARCH_PATHS = (
					"$(inherited)",
					"@executable_path/Frameworks",
				);
				MARKETING_VERSION = 1.0;
				PRODUCT_BUNDLE_IDENTIFIER = "com.thebodycoach.ios-test-task";
				PRODUCT_NAME = "$(TARGET_NAME)";
				SUPPORTED_PLATFORMS = "iphoneos iphonesimulator";
				SUPPORTS_MACCATALYST = NO;
				SUPPORTS_MAC_DESIGNED_FOR_IPHONE_IPAD = NO;
				SWIFT_EMIT_LOC_STRINGS = YES;
				SWIFT_VERSION = 5.0;
				TARGETED_DEVICE_FAMILY = "1,2";
			};
			name = Release;
		};
		B2FD02242B94CE9F00D9691E /* Debug */ = {
			isa = XCBuildConfiguration;
			buildSettings = {
				BUNDLE_LOADER = "$(TEST_HOST)";
				CODE_SIGN_STYLE = Automatic;
				CURRENT_PROJECT_VERSION = 1;
				DEVELOPMENT_TEAM = Y9ZZ2898LM;
				GENERATE_INFOPLIST_FILE = YES;
				IPHONEOS_DEPLOYMENT_TARGET = 17.0;
				MARKETING_VERSION = 1.0;
				PRODUCT_BUNDLE_IDENTIFIER = "pendle-em.BCTestTaskTests";
				PRODUCT_NAME = "$(TARGET_NAME)";
				SWIFT_EMIT_LOC_STRINGS = NO;
				SWIFT_VERSION = 5.0;
				TARGETED_DEVICE_FAMILY = "1,2";
				TEST_HOST = "$(BUILT_PRODUCTS_DIR)/BCTestTask.app/$(BUNDLE_EXECUTABLE_FOLDER_PATH)/BCTestTask";
			};
			name = Debug;
		};
		B2FD02252B94CE9F00D9691E /* Release */ = {
			isa = XCBuildConfiguration;
			buildSettings = {
				BUNDLE_LOADER = "$(TEST_HOST)";
				CODE_SIGN_STYLE = Automatic;
				CURRENT_PROJECT_VERSION = 1;
				DEVELOPMENT_TEAM = Y9ZZ2898LM;
				GENERATE_INFOPLIST_FILE = YES;
				IPHONEOS_DEPLOYMENT_TARGET = 17.0;
				MARKETING_VERSION = 1.0;
				PRODUCT_BUNDLE_IDENTIFIER = "pendle-em.BCTestTaskTests";
				PRODUCT_NAME = "$(TARGET_NAME)";
				SWIFT_EMIT_LOC_STRINGS = NO;
				SWIFT_VERSION = 5.0;
				TARGETED_DEVICE_FAMILY = "1,2";
				TEST_HOST = "$(BUILT_PRODUCTS_DIR)/BCTestTask.app/$(BUNDLE_EXECUTABLE_FOLDER_PATH)/BCTestTask";
			};
			name = Release;
		};
/* End XCBuildConfiguration section */

/* Begin XCConfigurationList section */
		A5354B8F2B86568800FE684B /* Build configuration list for PBXProject "BCTestTask" */ = {
			isa = XCConfigurationList;
			buildConfigurations = (
				A5354BA02B86568C00FE684B /* Debug */,
				A5354BA12B86568C00FE684B /* Release */,
			);
			defaultConfigurationIsVisible = 0;
			defaultConfigurationName = Release;
		};
		A5354BA22B86568C00FE684B /* Build configuration list for PBXNativeTarget "BCTestTask" */ = {
			isa = XCConfigurationList;
			buildConfigurations = (
				A5354BA32B86568C00FE684B /* Debug */,
				A5354BA42B86568C00FE684B /* Release */,
			);
			defaultConfigurationIsVisible = 0;
			defaultConfigurationName = Release;
		};
		B2FD02232B94CE9F00D9691E /* Build configuration list for PBXNativeTarget "BCTestTaskTests" */ = {
			isa = XCConfigurationList;
			buildConfigurations = (
				B2FD02242B94CE9F00D9691E /* Debug */,
				B2FD02252B94CE9F00D9691E /* Release */,
			);
			defaultConfigurationIsVisible = 0;
			defaultConfigurationName = Release;
		};
/* End XCConfigurationList section */
	};
	rootObject = A5354B8C2B86568800FE684B /* Project object */;
}
